
Microsoft Visual Studio Solution File, Format Version 12.00
# Visual Studio 15
VisualStudioVersion = 15.0.28307.168
MinimumVisualStudioVersion = 10.0.40219.1
Project("{FAE04EC0-301F-11D3-BF4B-00C04F79EFBC}") = "SumDivisbleBy3-5", "SumDivisbleBy3-5\SumDivisbleBy3-5.csproj", "{354940AB-9440-44C7-9A3D-7BCB918E667D}"
EndProject
Global
	GlobalSection(SolutionConfigurationPlatforms) = preSolution
		Debug|Any CPU = Debug|Any CPU
		Release|Any CPU = Release|Any CPU
	EndGlobalSection
	GlobalSection(ProjectConfigurationPlatforms) = postSolution
		{354940AB-9440-44C7-9A3D-7BCB918E667D}.Debug|Any CPU.ActiveCfg = Debug|Any CPU
		{354940AB-9440-44C7-9A3D-7BCB918E667D}.Debug|Any CPU.Build.0 = Debug|Any CPU
		{354940AB-9440-44C7-9A3D-7BCB918E667D}.Release|Any CPU.ActiveCfg = Release|Any CPU
		{354940AB-9440-44C7-9A3D-7BCB918E667D}.Release|Any CPU.Build.0 = Release|Any CPU
	EndGlobalSection
	GlobalSection(SolutionProperties) = preSolution
		HideSolutionNode = FALSE
	EndGlobalSection
	GlobalSection(ExtensibilityGlobals) = postSolution
		SolutionGuid = {AA6259FC-76FE-464A-B97D-4C3972154E88}
	EndGlobalSection
EndGlobal
